
Microsoft Visual Studio Solution File, Format Version 12.00
# Visual Studio Version 17
VisualStudioVersion = 17.4.33110.190
MinimumVisualStudioVersion = 10.0.40219.1
Project("{FAE04EC0-301F-11D3-BF4B-00C04F79EFBC}") = "exam", "exam\exam.csproj", "{EA8C27A2-1601-43EC-870F-8F29E5313F7D}"
EndProject
Global
	GlobalSection(SolutionConfigurationPlatforms) = preSolution
		Debug|Any CPU = Debug|Any CPU
		Release|Any CPU = Release|Any CPU
	EndGlobalSection
	GlobalSection(ProjectConfigurationPlatforms) = postSolution
		{EA8C27A2-1601-43EC-870F-8F29E5313F7D}.Debug|Any CPU.ActiveCfg = Debug|Any CPU
		{EA8C27A2-1601-43EC-870F-8F29E5313F7D}.Debug|Any CPU.Build.0 = Debug|Any CPU
		{EA8C27A2-1601-43EC-870F-8F29E5313F7D}.Release|Any CPU.ActiveCfg = Release|Any CPU
		{EA8C27A2-1601-43EC-870F-8F29E5313F7D}.Release|Any CPU.Build.0 = Release|Any CPU
	EndGlobalSection
	GlobalSection(SolutionProperties) = preSolution
		HideSolutionNode = FALSE
	EndGlobalSection
	GlobalSection(ExtensibilityGlobals) = postSolution
		SolutionGuid = {5243A93F-7910-4757-9D2C-65B0B38CEAC2}
	EndGlobalSection
EndGlobal
