
Microsoft Visual Studio Solution File, Format Version 12.00
# Visual Studio Version 17
VisualStudioVersion = 17.3.32922.545
MinimumVisualStudioVersion = 10.0.40219.1
Project("{FAE04EC0-301F-11D3-BF4B-00C04F79EFBC}") = "classwork", "classwork\classwork.csproj", "{A2C93157-B04C-4776-A240-290E2A1EA8B2}"
EndProject
Global
	GlobalSection(SolutionConfigurationPlatforms) = preSolution
		Debug|Any CPU = Debug|Any CPU
		Release|Any CPU = Release|Any CPU
	EndGlobalSection
	GlobalSection(ProjectConfigurationPlatforms) = postSolution
		{A2C93157-B04C-4776-A240-290E2A1EA8B2}.Debug|Any CPU.ActiveCfg = Debug|Any CPU
		{A2C93157-B04C-4776-A240-290E2A1EA8B2}.Debug|Any CPU.Build.0 = Debug|Any CPU
		{A2C93157-B04C-4776-A240-290E2A1EA8B2}.Release|Any CPU.ActiveCfg = Release|Any CPU
		{A2C93157-B04C-4776-A240-290E2A1EA8B2}.Release|Any CPU.Build.0 = Release|Any CPU
	EndGlobalSection
	GlobalSection(SolutionProperties) = preSolution
		HideSolutionNode = FALSE
	EndGlobalSection
	GlobalSection(ExtensibilityGlobals) = postSolution
		SolutionGuid = {355B3923-A0AF-49B7-8D91-EE0F0FA3BCA0}
	EndGlobalSection
EndGlobal
