
Microsoft Visual Studio Solution File, Format Version 12.00
# Visual Studio Version 17
VisualStudioVersion = 17.4.33110.190
MinimumVisualStudioVersion = 10.0.40219.1
Project("{FAE04EC0-301F-11D3-BF4B-00C04F79EFBC}") = "task7_1", "task7_1\task7_1.csproj", "{9B11CDE1-CF4E-4891-9CA8-EC79EAF9396E}"
EndProject
Global
	GlobalSection(SolutionConfigurationPlatforms) = preSolution
		Debug|Any CPU = Debug|Any CPU
		Release|Any CPU = Release|Any CPU
	EndGlobalSection
	GlobalSection(ProjectConfigurationPlatforms) = postSolution
		{9B11CDE1-CF4E-4891-9CA8-EC79EAF9396E}.Debug|Any CPU.ActiveCfg = Debug|Any CPU
		{9B11CDE1-CF4E-4891-9CA8-EC79EAF9396E}.Debug|Any CPU.Build.0 = Debug|Any CPU
		{9B11CDE1-CF4E-4891-9CA8-EC79EAF9396E}.Release|Any CPU.ActiveCfg = Release|Any CPU
		{9B11CDE1-CF4E-4891-9CA8-EC79EAF9396E}.Release|Any CPU.Build.0 = Release|Any CPU
	EndGlobalSection
	GlobalSection(SolutionProperties) = preSolution
		HideSolutionNode = FALSE
	EndGlobalSection
	GlobalSection(ExtensibilityGlobals) = postSolution
		SolutionGuid = {689A07D5-282A-424D-A7F7-CDD4E0664EB8}
	EndGlobalSection
EndGlobal
